// !$*UTF8*$!
{
	archiveVersion = 1;
	classes = {
	};
	objectVersion = 50;
	objects = {

/* Begin PBXBuildFile section */
		7B35CC3420BF32A1007FE4EA /* stdstreams.swift in Sources */ = {isa = PBXBuildFile; fileRef = 7B35CC3320BF32A1007FE4EA /* stdstreams.swift */; };
		7B35CC3720BF3E88007FE4EA /* Tree.swift in Sources */ = {isa = PBXBuildFile; fileRef = 7B35CC3620BF3E88007FE4EA /* Tree.swift */; };
		7B35CC3E20BF4F74007FE4EA /* Utils.swift in Sources */ = {isa = PBXBuildFile; fileRef = 7B35CC3920BF4F74007FE4EA /* Utils.swift */; };
		7B35CC3F20BF4F74007FE4EA /* SimpleDataStream.swift in Sources */ = {isa = PBXBuildFile; fileRef = 7B35CC3A20BF4F74007FE4EA /* SimpleDataStream.swift */; };
		7B35CC4020BF4F74007FE4EA /* SimpleInputStream.swift in Sources */ = {isa = PBXBuildFile; fileRef = 7B35CC3B20BF4F74007FE4EA /* SimpleInputStream.swift */; };
		7B35CC4120BF4F74007FE4EA /* SimpleStream.swift in Sources */ = {isa = PBXBuildFile; fileRef = 7B35CC3C20BF4F74007FE4EA /* SimpleStream.swift */; };
		7B35CC4220BF4F74007FE4EA /* SimpleStreamError.swift in Sources */ = {isa = PBXBuildFile; fileRef = 7B35CC3D20BF4F74007FE4EA /* SimpleStreamError.swift */; };
		7BF0BB7920BE9070000C5EBB /* main.swift in Sources */ = {isa = PBXBuildFile; fileRef = 7BF0BB7820BE9070000C5EBB /* main.swift */; };
/* End PBXBuildFile section */

/* Begin PBXCopyFilesBuildPhase section */
		7BF0BB7320BE9070000C5EBB /* CopyFiles */ = {
			isa = PBXCopyFilesBuildPhase;
			buildActionMask = 2147483647;
			dstPath = /usr/share/man/man1/;
			dstSubfolderSpec = 0;
			files = (
			);
			runOnlyForDeploymentPostprocessing = 1;
		};
/* End PBXCopyFilesBuildPhase section */

/* Begin PBXFileReference section */
		7B35CC3320BF32A1007FE4EA /* stdstreams.swift */ = {isa = PBXFileReference; fileEncoding = 4; lastKnownFileType = sourcecode.swift; path = stdstreams.swift; sourceTree = "<group>"; };
		7B35CC3620BF3E88007FE4EA /* Tree.swift */ = {isa = PBXFileReference; lastKnownFileType = sourcecode.swift; path = Tree.swift; sourceTree = "<group>"; };
		7B35CC3920BF4F74007FE4EA /* Utils.swift */ = {isa = PBXFileReference; fileEncoding = 4; lastKnownFileType = sourcecode.swift; path = Utils.swift; sourceTree = "<group>"; };
		7B35CC3A20BF4F74007FE4EA /* SimpleDataStream.swift */ = {isa = PBXFileReference; fileEncoding = 4; lastKnownFileType = sourcecode.swift; path = SimpleDataStream.swift; sourceTree = "<group>"; };
		7B35CC3B20BF4F74007FE4EA /* SimpleInputStream.swift */ = {isa = PBXFileReference; fileEncoding = 4; lastKnownFileType = sourcecode.swift; path = SimpleInputStream.swift; sourceTree = "<group>"; };
		7B35CC3C20BF4F74007FE4EA /* SimpleStream.swift */ = {isa = PBXFileReference; fileEncoding = 4; lastKnownFileType = sourcecode.swift; path = SimpleStream.swift; sourceTree = "<group>"; };
		7B35CC3D20BF4F74007FE4EA /* SimpleStreamError.swift */ = {isa = PBXFileReference; fileEncoding = 4; lastKnownFileType = sourcecode.swift; path = SimpleStreamError.swift; sourceTree = "<group>"; };
		7BF0BB7520BE9070000C5EBB /* find_unreferenced_xcode_files */ = {isa = PBXFileReference; explicitFileType = "compiled.mach-o.executable"; includeInIndex = 0; path = find_unreferenced_xcode_files; sourceTree = BUILT_PRODUCTS_DIR; };
		7BF0BB7820BE9070000C5EBB /* main.swift */ = {isa = PBXFileReference; lastKnownFileType = sourcecode.swift; path = main.swift; sourceTree = "<group>"; };
/* End PBXFileReference section */

/* Begin PBXFrameworksBuildPhase section */
		7BF0BB7220BE9070000C5EBB /* Frameworks */ = {
			isa = PBXFrameworksBuildPhase;
			buildActionMask = 2147483647;
			files = (
			);
			runOnlyForDeploymentPostprocessing = 0;
		};
/* End PBXFrameworksBuildPhase section */

/* Begin PBXGroup section */
		7B35CC3820BF4F74007FE4EA /* SimpleStream */ = {
			isa = PBXGroup;
			children = (
				7B35CC3920BF4F74007FE4EA /* Utils.swift */,
				7B35CC3A20BF4F74007FE4EA /* SimpleDataStream.swift */,
				7B35CC3B20BF4F74007FE4EA /* SimpleInputStream.swift */,
				7B35CC3C20BF4F74007FE4EA /* SimpleStream.swift */,
				7B35CC3D20BF4F74007FE4EA /* SimpleStreamError.swift */,
			);
			name = SimpleStream;
			path = Dependencies/SimpleStream/Sources/SimpleStream;
			sourceTree = SOURCE_ROOT;
		};
		7BF0BB6C20BE9070000C5EBB = {
			isa = PBXGroup;
			children = (
				7BF0BB7720BE9070000C5EBB /* find_unreferenced_xcode_files */,
				7BF0BB7620BE9070000C5EBB /* Products */,
			);
			sourceTree = "<group>";
		};
		7BF0BB7620BE9070000C5EBB /* Products */ = {
			isa = PBXGroup;
			children = (
				7BF0BB7520BE9070000C5EBB /* find_unreferenced_xcode_files */,
			);
			name = Products;
			sourceTree = "<group>";
		};
		7BF0BB7720BE9070000C5EBB /* find_unreferenced_xcode_files */ = {
			isa = PBXGroup;
			children = (
				7B35CC3320BF32A1007FE4EA /* stdstreams.swift */,
				7BF0BB7820BE9070000C5EBB /* main.swift */,
				7B35CC3620BF3E88007FE4EA /* Tree.swift */,
				7B35CC3820BF4F74007FE4EA /* SimpleStream */,
			);
			path = find_unreferenced_xcode_files;
			sourceTree = "<group>";
		};
/* End PBXGroup section */

/* Begin PBXNativeTarget section */
		7BF0BB7420BE9070000C5EBB /* find_unreferenced_xcode_files */ = {
			isa = PBXNativeTarget;
			buildConfigurationList = 7BF0BB7C20BE9070000C5EBB /* Build configuration list for PBXNativeTarget "find_unreferenced_xcode_files" */;
			buildPhases = (
				7BF0BB7120BE9070000C5EBB /* Sources */,
				7BF0BB7220BE9070000C5EBB /* Frameworks */,
				7BF0BB7320BE9070000C5EBB /* CopyFiles */,
			);
			buildRules = (
			);
			dependencies = (
			);
			name = find_unreferenced_xcode_files;
			productName = find_unreferenced_xcode_files;
			productReference = 7BF0BB7520BE9070000C5EBB /* find_unreferenced_xcode_files */;
			productType = "com.apple.product-type.tool";
		};
/* End PBXNativeTarget section */

/* Begin PBXProject section */
		7BF0BB6D20BE9070000C5EBB /* Project object */ = {
			isa = PBXProject;
			attributes = {
				LastSwiftUpdateCheck = 0940;
				LastUpgradeCheck = 0940;
				ORGANIZATIONNAME = Frizlab;
				TargetAttributes = {
					7BF0BB7420BE9070000C5EBB = {
						CreatedOnToolsVersion = 9.4;
					};
				};
			};
			buildConfigurationList = 7BF0BB7020BE9070000C5EBB /* Build configuration list for PBXProject "find_unreferenced_xcode_files" */;
			compatibilityVersion = "Xcode 9.3";
			developmentRegion = en;
			hasScannedForEncodings = 0;
			knownRegions = (
				en,
			);
			mainGroup = 7BF0BB6C20BE9070000C5EBB;
			productRefGroup = 7BF0BB7620BE9070000C5EBB /* Products */;
			projectDirPath = "";
			projectRoot = "";
			targets = (
				7BF0BB7420BE9070000C5EBB /* find_unreferenced_xcode_files */,
			);
		};
/* End PBXProject section */

/* Begin PBXSourcesBuildPhase section */
		7BF0BB7120BE9070000C5EBB /* Sources */ = {
			isa = PBXSourcesBuildPhase;
			buildActionMask = 2147483647;
			files = (
				7B35CC3720BF3E88007FE4EA /* Tree.swift in Sources */,
				7BF0BB7920BE9070000C5EBB /* main.swift in Sources */,
				7B35CC4220BF4F74007FE4EA /* SimpleStreamError.swift in Sources */,
				7B35CC3420BF32A1007FE4EA /* stdstreams.swift in Sources */,
				7B35CC4120BF4F74007FE4EA /* SimpleStream.swift in Sources */,
				7B35CC3F20BF4F74007FE4EA /* SimpleDataStream.swift in Sources */,
				7B35CC4020BF4F74007FE4EA /* SimpleInputStream.swift in Sources */,
				7B35CC3E20BF4F74007FE4EA /* Utils.swift in Sources */,
			);
			runOnlyForDeploymentPostprocessing = 0;
		};
/* End PBXSourcesBuildPhase section */

/* Begin XCBuildConfiguration section */
		7BF0BB7A20BE9070000C5EBB /* Debug */ = {
			isa = XCBuildConfiguration;
			buildSettings = {
				ALWAYS_SEARCH_USER_PATHS = NO;
				CLANG_ANALYZER_NONNULL = YES;
				CLANG_ANALYZER_NUMBER_OBJECT_CONVERSION = YES_AGGRESSIVE;
				CLANG_CXX_LANGUAGE_STANDARD = "gnu++14";
				CLANG_CXX_LIBRARY = "libc++";
				CLANG_ENABLE_MODULES = YES;
				CLANG_ENABLE_OBJC_ARC = YES;
				CLANG_ENABLE_OBJC_WEAK = YES;
				CLANG_WARN_BLOCK_CAPTURE_AUTORELEASING = YES;
				CLANG_WARN_BOOL_CONVERSION = YES;
				CLANG_WARN_COMMA = YES;
				CLANG_WARN_CONSTANT_CONVERSION = YES;
				CLANG_WARN_DEPRECATED_OBJC_IMPLEMENTATIONS = YES;
				CLANG_WARN_DIRECT_OBJC_ISA_USAGE = YES_ERROR;
				CLANG_WARN_DOCUMENTATION_COMMENTS = YES;
				CLANG_WARN_EMPTY_BODY = YES;
				CLANG_WARN_ENUM_CONVERSION = YES;
				CLANG_WARN_INFINITE_RECURSION = YES;
				CLANG_WARN_INT_CONVERSION = YES;
				CLANG_WARN_NON_LITERAL_NULL_CONVERSION = YES;
				CLANG_WARN_OBJC_IMPLICIT_RETAIN_SELF = YES;
				CLANG_WARN_OBJC_LITERAL_CONVERSION = YES;
				CLANG_WARN_OBJC_ROOT_CLASS = YES_ERROR;
				CLANG_WARN_RANGE_LOOP_ANALYSIS = YES;
				CLANG_WARN_STRICT_PROTOTYPES = YES;
				CLANG_WARN_SUSPICIOUS_MOVE = YES;
				CLANG_WARN_UNGUARDED_AVAILABILITY = YES_AGGRESSIVE;
				CLANG_WARN_UNREACHABLE_CODE = YES;
				CLANG_WARN__DUPLICATE_METHOD_MATCH = YES;
				CODE_SIGN_IDENTITY = "Mac Developer";
				COPY_PHASE_STRIP = NO;
				DEBUG_INFORMATION_FORMAT = dwarf;
				ENABLE_STRICT_OBJC_MSGSEND = YES;
				ENABLE_TESTABILITY = YES;
				GCC_C_LANGUAGE_STANDARD = gnu11;
				GCC_DYNAMIC_NO_PIC = NO;
				GCC_NO_COMMON_BLOCKS = YES;
				GCC_OPTIMIZATION_LEVEL = 0;
				GCC_PREPROCESSOR_DEFINITIONS = (
					"DEBUG=1",
					"$(inherited)",
				);
				GCC_WARN_64_TO_32_BIT_CONVERSION = YES;
				GCC_WARN_ABOUT_RETURN_TYPE = YES_ERROR;
				GCC_WARN_UNDECLARED_SELECTOR = YES;
				GCC_WARN_UNINITIALIZED_AUTOS = YES_AGGRESSIVE;
				GCC_WARN_UNUSED_FUNCTION = YES;
				GCC_WARN_UNUSED_VARIABLE = YES;
				MACOSX_DEPLOYMENT_TARGET = 10.13;
				MTL_ENABLE_DEBUG_INFO = YES;
				ONLY_ACTIVE_ARCH = YES;
				SDKROOT = macosx;
				SWIFT_ACTIVE_COMPILATION_CONDITIONS = DEBUG;
				SWIFT_OPTIMIZATION_LEVEL = "-Onone";
			};
			name = Debug;
		};
		7BF0BB7B20BE9070000C5EBB /* Release */ = {
			isa = XCBuildConfiguration;
			buildSettings = {
				ALWAYS_SEARCH_USER_PATHS = NO;
				CLANG_ANALYZER_NONNULL = YES;
				CLANG_ANALYZER_NUMBER_OBJECT_CONVERSION = YES_AGGRESSIVE;
				CLANG_CXX_LANGUAGE_STANDARD = "gnu++14";
				CLANG_CXX_LIBRARY = "libc++";
				CLANG_ENABLE_MODULES = YES;
				CLANG_ENABLE_OBJC_ARC = YES;
				CLANG_ENABLE_OBJC_WEAK = YES;
				CLANG_WARN_BLOCK_CAPTURE_AUTORELEASING = YES;
				CLANG_WARN_BOOL_CONVERSION = YES;
				CLANG_WARN_COMMA = YES;
				CLANG_WARN_CONSTANT_CONVERSION = YES;
				CLANG_WARN_DEPRECATED_OBJC_IMPLEMENTATIONS = YES;
				CLANG_WARN_DIRECT_OBJC_ISA_USAGE = YES_ERROR;
				CLANG_WARN_DOCUMENTATION_COMMENTS = YES;
				CLANG_WARN_EMPTY_BODY = YES;
				CLANG_WARN_ENUM_CONVERSION = YES;
				CLANG_WARN_INFINITE_RECURSION = YES;
				CLANG_WARN_INT_CONVERSION = YES;
				CLANG_WARN_NON_LITERAL_NULL_CONVERSION = YES;
				CLANG_WARN_OBJC_IMPLICIT_RETAIN_SELF = YES;
				CLANG_WARN_OBJC_LITERAL_CONVERSION = YES;
				CLANG_WARN_OBJC_ROOT_CLASS = YES_ERROR;
				CLANG_WARN_RANGE_LOOP_ANALYSIS = YES;
				CLANG_WARN_STRICT_PROTOTYPES = YES;
				CLANG_WARN_SUSPICIOUS_MOVE = YES;
				CLANG_WARN_UNGUARDED_AVAILABILITY = YES_AGGRESSIVE;
				CLANG_WARN_UNREACHABLE_CODE = YES;
				CLANG_WARN__DUPLICATE_METHOD_MATCH = YES;
				CODE_SIGN_IDENTITY = "Mac Developer";
				COPY_PHASE_STRIP = NO;
				DEBUG_INFORMATION_FORMAT = "dwarf-with-dsym";
				ENABLE_NS_ASSERTIONS = NO;
				ENABLE_STRICT_OBJC_MSGSEND = YES;
				GCC_C_LANGUAGE_STANDARD = gnu11;
				GCC_NO_COMMON_BLOCKS = YES;
				GCC_WARN_64_TO_32_BIT_CONVERSION = YES;
				GCC_WARN_ABOUT_RETURN_TYPE = YES_ERROR;
				GCC_WARN_UNDECLARED_SELECTOR = YES;
				GCC_WARN_UNINITIALIZED_AUTOS = YES_AGGRESSIVE;
				GCC_WARN_UNUSED_FUNCTION = YES;
				GCC_WARN_UNUSED_VARIABLE = YES;
				MACOSX_DEPLOYMENT_TARGET = 10.13;
				MTL_ENABLE_DEBUG_INFO = NO;
				SDKROOT = macosx;
				SWIFT_COMPILATION_MODE = wholemodule;
				SWIFT_OPTIMIZATION_LEVEL = "-O";
			};
			name = Release;
		};
		7BF0BB7D20BE9070000C5EBB /* Debug */ = {
			isa = XCBuildConfiguration;
			buildSettings = {
				CODE_SIGN_STYLE = Automatic;
				DEVELOPMENT_TEAM = DVL8GW97S8;
				PRODUCT_NAME = "$(TARGET_NAME)";
				SWIFT_VERSION = 4.0;
			};
			name = Debug;
		};
		7BF0BB7E20BE9070000C5EBB /* Release */ = {
			isa = XCBuildConfiguration;
			buildSettings = {
				CODE_SIGN_STYLE = Automatic;
				DEVELOPMENT_TEAM = DVL8GW97S8;
				PRODUCT_NAME = "$(TARGET_NAME)";
				SWIFT_VERSION = 4.0;
			};
			name = Release;
		};
/* End XCBuildConfiguration section */

/* Begin XCConfigurationList section */
		7BF0BB7020BE9070000C5EBB /* Build configuration list for PBXProject "find_unreferenced_xcode_files" */ = {
			isa = XCConfigurationList;
			buildConfigurations = (
				7BF0BB7A20BE9070000C5EBB /* Debug */,
				7BF0BB7B20BE9070000C5EBB /* Release */,
			);
			defaultConfigurationIsVisible = 0;
			defaultConfigurationName = Release;
		};
		7BF0BB7C20BE9070000C5EBB /* Build configuration list for PBXNativeTarget "find_unreferenced_xcode_files" */ = {
			isa = XCConfigurationList;
			buildConfigurations = (
				7BF0BB7D20BE9070000C5EBB /* Debug */,
				7BF0BB7E20BE9070000C5EBB /* Release */,
			);
			defaultConfigurationIsVisible = 0;
			defaultConfigurationName = Release;
		};
/* End XCConfigurationList section */
	};
	rootObject = 7BF0BB6D20BE9070000C5EBB /* Project object */;
}
